
Microsoft Visual Studio Solution File, Format Version 12.00
# Visual Studio Version 17
VisualStudioVersion = 17.1.32421.90
MinimumVisualStudioVersion = 10.0.40219.1
Project("{FAE04EC0-301F-11D3-BF4B-00C04F79EFBC}") = "DatePlanner", "DatePlanner\DatePlanner.csproj", "{37142154-AD1B-4EA7-987F-A76123F9BAD6}"
EndProject
Global
	GlobalSection(SolutionConfigurationPlatforms) = preSolution
		Debug|Any CPU = Debug|Any CPU
		Release|Any CPU = Release|Any CPU
	EndGlobalSection
	GlobalSection(ProjectConfigurationPlatforms) = postSolution
		{37142154-AD1B-4EA7-987F-A76123F9BAD6}.Debug|Any CPU.ActiveCfg = Debug|Any CPU
		{37142154-AD1B-4EA7-987F-A76123F9BAD6}.Debug|Any CPU.Build.0 = Debug|Any CPU
		{37142154-AD1B-4EA7-987F-A76123F9BAD6}.Release|Any CPU.ActiveCfg = Release|Any CPU
		{37142154-AD1B-4EA7-987F-A76123F9BAD6}.Release|Any CPU.Build.0 = Release|Any CPU
	EndGlobalSection
	GlobalSection(SolutionProperties) = preSolution
		HideSolutionNode = FALSE
	EndGlobalSection
	GlobalSection(ExtensibilityGlobals) = postSolution
		SolutionGuid = {944F1F45-E78E-4D7F-8867-7ED67F4D40F2}
	EndGlobalSection
EndGlobal
